
Microsoft Visual Studio Solution File, Format Version 12.00
# Visual Studio Version 17
VisualStudioVersion = 17.7.34221.43
MinimumVisualStudioVersion = 10.0.40219.1
Project("{FAE04EC0-301F-11D3-BF4B-00C04F79EFBC}") = "DSAChapter20", "DSAChapter20\DSAChapter20.csproj", "{96729269-5800-4825-B7AD-4CC46A59647D}"
EndProject
Global
	GlobalSection(SolutionConfigurationPlatforms) = preSolution
		Debug|Any CPU = Debug|Any CPU
		Release|Any CPU = Release|Any CPU
	EndGlobalSection
	GlobalSection(ProjectConfigurationPlatforms) = postSolution
		{96729269-5800-4825-B7AD-4CC46A59647D}.Debug|Any CPU.ActiveCfg = Debug|Any CPU
		{96729269-5800-4825-B7AD-4CC46A59647D}.Debug|Any CPU.Build.0 = Debug|Any CPU
		{96729269-5800-4825-B7AD-4CC46A59647D}.Release|Any CPU.ActiveCfg = Release|Any CPU
		{96729269-5800-4825-B7AD-4CC46A59647D}.Release|Any CPU.Build.0 = Release|Any CPU
	EndGlobalSection
	GlobalSection(SolutionProperties) = preSolution
		HideSolutionNode = FALSE
	EndGlobalSection
	GlobalSection(ExtensibilityGlobals) = postSolution
		SolutionGuid = {9F5CD669-907D-412B-B22E-1FCDEDD0F96B}
	EndGlobalSection
EndGlobal
